
Microsoft Visual Studio Solution File, Format Version 12.00
# Visual Studio 15
VisualStudioVersion = 15.0.27130.2036
MinimumVisualStudioVersion = 10.0.40219.1
Project("{FAE04EC0-301F-11D3-BF4B-00C04F79EFBC}") = "FrigoLab", "FrigoLab\FrigoLab.csproj", "{B58F7494-7233-4CA8-859B-7AD5CC3C6229}"
EndProject
Global
	GlobalSection(SolutionConfigurationPlatforms) = preSolution
		Debug|Any CPU = Debug|Any CPU
		Release|Any CPU = Release|Any CPU
	EndGlobalSection
	GlobalSection(ProjectConfigurationPlatforms) = postSolution
		{B58F7494-7233-4CA8-859B-7AD5CC3C6229}.Debug|Any CPU.ActiveCfg = Debug|Any CPU
		{B58F7494-7233-4CA8-859B-7AD5CC3C6229}.Debug|Any CPU.Build.0 = Debug|Any CPU
		{B58F7494-7233-4CA8-859B-7AD5CC3C6229}.Release|Any CPU.ActiveCfg = Release|Any CPU
		{B58F7494-7233-4CA8-859B-7AD5CC3C6229}.Release|Any CPU.Build.0 = Release|Any CPU
	EndGlobalSection
	GlobalSection(SolutionProperties) = preSolution
		HideSolutionNode = FALSE
	EndGlobalSection
	GlobalSection(ExtensibilityGlobals) = postSolution
		SolutionGuid = {A0DD556F-04CE-4CF0-B7C4-512EF85E992E}
	EndGlobalSection
EndGlobal
